<?xml version="1.0" encoding="utf-8"?>
<Project ToolsVersion="4.0" xmlns="http://schemas.microsoft.com/developer/msbuild/2003">
  <ItemGroup>
    <Filter Include="Source Files">
      <UniqueIdentifier>{4FC737F1-C7A5-4376-A066-2A32D752A2FF}</UniqueIdentifier>
      <Extensions>cpp;c;cc;cxx;c++;cppm;ixx;def;odl;idl;hpj;bat;asm;asmx</Extensions>
    </Filter>
    <Filter Include="Header Files">
      <UniqueIdentifier>{93995380-89BD-4b04-88EB-625FBE52EBFB}</UniqueIdentifier>
      <Extensions>h;hh;hpp;hxx;h++;hm;inl;inc;ipp;xsd</Extensions>
    </Filter>
    <Filter Include="Resource Files">
      <UniqueIdentifier>{67DA6AB6-F800-4c08-8B7A-83BB121AAD01}</UniqueIdentifier>
      <Extensions>rc;ico;cur;bmp;dlg;rc2;rct;bin;rgs;gif;jpg;jpeg;jpe;resx;tiff;tif;png;wav;mfcribbon-ms</Extensions>
    </Filter>
    <Filter Include="Source Files\SDK">
      <UniqueIdentifier>{84202be0-fb36-4e24-bdeb-33112a1235d9}</UniqueIdentifier>
    </Filter>
    <Filter Include="Source Files\ImGui">
      <UniqueIdentifier>{c9cc91f4-546b-4d1b-9af9-4f121123a375}</UniqueIdentifier>
    </Filter>
    <Filter Include="Source Files\Cheats">
      <UniqueIdentifier>{f9c12774-c467-4fe4-a89d-f2b6aabadba4}</UniqueIdentifier>
    </Filter>
  </ItemGroup>
  <ItemGroup>
    <ClCompile Include="DLLMain.cpp">
      <Filter>Source Files</Filter>
    </ClCompile>
    <ClCompile Include="SDK\Engine_functions.cpp">
      <Filter>Source Files\SDK</Filter>
    </ClCompile>
    <ClCompile Include="SDK\Basic.cpp">
      <Filter>Source Files\SDK</Filter>
    </ClCompile>
    <ClCompile Include="SDK\CoreUObject_functions.cpp">
      <Filter>Source Files\SDK</Filter>
    </ClCompile>
    <ClCompile Include="ImGui\imgui.cpp">
      <Filter>Source Files\ImGui</Filter>
    </ClCompile>
    <ClCompile Include="ImGui\imgui_demo.cpp">
      <Filter>Source Files\ImGui</Filter>
    </ClCompile>
    <ClCompile Include="ImGui\imgui_draw.cpp">
      <Filter>Source Files\ImGui</Filter>
    </ClCompile>
    <ClCompile Include="ImGui\imgui_tables.cpp">
      <Filter>Source Files\ImGui</Filter>
    </ClCompile>
    <ClCompile Include="ImGui\imgui_widgets.cpp">
      <Filter>Source Files\ImGui</Filter>
    </ClCompile>
    <ClCompile Include="ImGui\backends\imgui_impl_dx11.cpp">
      <Filter>Source Files\ImGui</Filter>
    </ClCompile>
    <ClCompile Include="ImGui\backends\imgui_impl_win32.cpp">
      <Filter>Source Files\ImGui</Filter>
    </ClCompile>
    <ClCompile Include="Utils.cpp">
      <Filter>Source Files</Filter>
    </ClCompile>
    <ClCompile Include="SDK\Mec_functions.cpp">
      <Filter>Source Files\SDK</Filter>
    </ClCompile>
    <ClCompile Include="SDK\PC_functions.cpp">
      <Filter>Source Files\SDK</Filter>
    </ClCompile>
    <ClCompile Include="Misc.cpp">
      <Filter>Source Files\Cheats</Filter>
    </ClCompile>
    <ClCompile Include="SDK\Item_functions.cpp">
      <Filter>Source Files\SDK</Filter>
    </ClCompile>
  </ItemGroup>
  <ItemGroup>
    <ClInclude Include="SDK\Engine_classes.hpp">
      <Filter>Source Files\SDK</Filter>
    </ClInclude>
    <ClInclude Include="Cheats.h">
      <Filter>Source Files\Cheats</Filter>
    </ClInclude>
    <ClInclude Include="Utils.h">
      <Filter>Source Files</Filter>
    </ClInclude>
    <ClInclude Include="SDK\PC_classes.hpp">
      <Filter>Source Files\SDK</Filter>
    </ClInclude>
    <ClInclude Include="SDK\Item_classes.hpp">
      <Filter>Source Files\SDK</Filter>
    </ClInclude>
  </ItemGroup>
  <ItemGroup>
    <None Include="ImGui\misc\debuggers\imgui.natstepfilter">
      <Filter>Source Files\ImGui</Filter>
    </None>
  </ItemGroup>
  <ItemGroup>
    <Natvis Include="ImGui\misc\debuggers\imgui.natvis">
      <Filter>Source Files\ImGui</Filter>
    </Natvis>
  </ItemGroup>
</Project>